{
	"name": "@titanium/screenshot",
	"version": "0.0.1",
	"lockfileVersion": 1,
	"requires": true,
	"dependencies": {
		"@titanium/tiapp-xml": {
			"version": "0.9.5",
			"resolved": "https://registry.npmjs.org/@titanium/tiapp-xml/-/tiapp-xml-0.9.5.tgz",
			"integrity": "sha512-bN85cyg6yB99d6ntOVskXYjOFGutOB2b2XTSEBNRnbLZ8OSoqDljtqfWIQ9nyQdCJFQaoVDaT6OveA/ZNC3ZHw==",
			"requires": {
				"find-up": "^4.1.0",
				"lodash.get": "^4.4.2",
				"pretty-data2": "~0.40.1",
				"xmldom": "~0.1.19"
			}
		},
		"find-up": {
			"version": "4.1.0",
			"resolved": "https://registry.npmjs.org/find-up/-/find-up-4.1.0.tgz",
			"integrity": "sha512-PpOwAdQ/YlXQ2vj8a3h8IipDuYRi3wceVQQGYWxNINccq40Anw7BlsEXCMbt1Zt+OLA6Fq9suIpIWD0OsnISlw==",
			"requires": {
				"locate-path": "^5.0.0",
				"path-exists": "^4.0.0"
			}
		},
		"locate-path": {
			"version": "5.0.0",
			"resolved": "https://registry.npmjs.org/locate-path/-/locate-path-5.0.0.tgz",
			"integrity": "sha512-t7hw9pI+WvuwNJXwk5zVHpyhIqzg2qTlklJOf0mVxGSbe3Fp2VieZcduNYjaLDoy6p9uGpQEGWG87WpMKlNq8g==",
			"requires": {
				"p-locate": "^4.1.0"
			}
		},
		"lodash.get": {
			"version": "4.4.2",
			"resolved": "https://registry.npmjs.org/lodash.get/-/lodash.get-4.4.2.tgz",
			"integrity": "sha1-LRd/ZS+jHpObRDjVNBSZ36OCXpk="
		},
		"p-limit": {
			"version": "2.2.1",
			"resolved": "https://registry.npmjs.org/p-limit/-/p-limit-2.2.1.tgz",
			"integrity": "sha512-85Tk+90UCVWvbDavCLKPOLC9vvY8OwEX/RtKF+/1OADJMVlFfEHOiMTPVyxg7mk/dKa+ipdHm0OUkTvCpMTuwg==",
			"requires": {
				"p-try": "^2.0.0"
			}
		},
		"p-locate": {
			"version": "4.1.0",
			"resolved": "https://registry.npmjs.org/p-locate/-/p-locate-4.1.0.tgz",
			"integrity": "sha512-R79ZZ/0wAxKGu3oYMlz8jy/kbhsNrS7SKZ7PxEHBgJ5+F2mtFW2fK2cOtBh1cHYkQsbzFV7I+EoRKe6Yt0oK7A==",
			"requires": {
				"p-limit": "^2.2.0"
			}
		},
		"p-try": {
			"version": "2.2.0",
			"resolved": "https://registry.npmjs.org/p-try/-/p-try-2.2.0.tgz",
			"integrity": "sha512-R4nPAVTAU0B9D35/Gk3uJf/7XYbQcyohSKdvAxIRSNghFl4e71hVoGnBNQz9cWaXxO2I10KTC+3jMdvvoKw6dQ=="
		},
		"path-exists": {
			"version": "4.0.0",
			"resolved": "https://registry.npmjs.org/path-exists/-/path-exists-4.0.0.tgz",
			"integrity": "sha512-ak9Qy5Q7jYb2Wwcey5Fpvg2KoAc/ZIhLSLOSBmRmygPsGwkVVt0fZa0qrtMz+m6tJTAHfZQ8FnmB4MG4LWy7/w=="
		},
		"pretty-data2": {
			"version": "0.40.1",
			"resolved": "https://registry.npmjs.org/pretty-data2/-/pretty-data2-0.40.1.tgz",
			"integrity": "sha1-56H4oN+adys3jLq0yXiJPtb+Iyg="
		},
		"xmldom": {
			"version": "0.1.27",
			"resolved": "https://registry.npmjs.org/xmldom/-/xmldom-0.1.27.tgz",
			"integrity": "sha1-1QH5ezvbQDr4757MIFcxh6rawOk="
		}
	}
}
